
Microsoft Visual Studio Solution File, Format Version 12.00
# Visual Studio 14
VisualStudioVersion = 14.0.25420.1
MinimumVisualStudioVersion = 10.0.40219.1
Project("{8BC9CEB8-8B4A-11D0-8D11-00A0C91BC942}") = "Foundation", "Foundation\Foundation_vs140.vcxproj", "{B01196CC-B693-4548-8464-2FF60499E73F}"
EndProject
Project("{8BC9CEB8-8B4A-11D0-8D11-00A0C91BC942}") = "XML", "XML\XML_vs140.vcxproj", "{9E211743-85FE-4977-82F3-4F04B40C912D}"
	ProjectSection(ProjectDependencies) = postProject
		{B01196CC-B693-4548-8464-2FF60499E73F} = {B01196CC-B693-4548-8464-2FF60499E73F}
	EndProjectSection
EndProject
Project("{8BC9CEB8-8B4A-11D0-8D11-00A0C91BC942}") = "JSON", "JSON\JSON_vs140.vcxproj", "{0E7FE914-0690-3EB4-9119-93A97CC97741}"
	ProjectSection(ProjectDependencies) = postProject
		{B01196CC-B693-4548-8464-2FF60499E73F} = {B01196CC-B693-4548-8464-2FF60499E73F}
	EndProjectSection
EndProject
Project("{8BC9CEB8-8B4A-11D0-8D11-00A0C91BC942}") = "Util", "Util\Util_vs140.vcxproj", "{6FF56CDB-787A-4714-A28C-919003F9FA6C}"
	ProjectSection(ProjectDependencies) = postProject
		{0E7FE914-0690-3EB4-9119-93A97CC97741} = {0E7FE914-0690-3EB4-9119-93A97CC97741}
		{9E211743-85FE-4977-82F3-4F04B40C912D} = {9E211743-85FE-4977-82F3-4F04B40C912D}
		{B01196CC-B693-4548-8464-2FF60499E73F} = {B01196CC-B693-4548-8464-2FF60499E73F}
	EndProjectSection
EndProject
Project("{8BC9CEB8-8B4A-11D0-8D11-00A0C91BC942}") = "Crypto", "Crypto\Crypto_vs140.vcxproj", "{EEEE7259-32E9-4D56-B023-C733940AB2A0}"
	ProjectSection(ProjectDependencies) = postProject
		{B01196CC-B693-4548-8464-2FF60499E73F} = {B01196CC-B693-4548-8464-2FF60499E73F}
	EndProjectSection
EndProject
Project("{8BC9CEB8-8B4A-11D0-8D11-00A0C91BC942}") = "NetSSL_OpenSSL", "NetSSL_OpenSSL\NetSSL_OpenSSL_vs140.vcxproj", "{5AECC55E-A469-11DA-8DA6-005056C00008}"
	ProjectSection(ProjectDependencies) = postProject
		{B01196CC-B693-4548-8464-2FF60499E73F} = {B01196CC-B693-4548-8464-2FF60499E73F}
		{6FF56CDB-787A-4714-A28C-919003F9FA6C} = {6FF56CDB-787A-4714-A28C-919003F9FA6C}
		{B057A1FE-09F7-465E-B8B5-E1B659051D76} = {B057A1FE-09F7-465E-B8B5-E1B659051D76}
	EndProjectSection
EndProject
Project("{8BC9CEB8-8B4A-11D0-8D11-00A0C91BC942}") = "Data", "Data\Data_vs140.vcxproj", "{240E83C3-368D-11DB-9FBC-00123FC423B5}"
	ProjectSection(ProjectDependencies) = postProject
		{B01196CC-B693-4548-8464-2FF60499E73F} = {B01196CC-B693-4548-8464-2FF60499E73F}
	EndProjectSection
EndProject
Project("{8BC9CEB8-8B4A-11D0-8D11-00A0C91BC942}") = "ODBC", "Data\ODBC\ODBC_vs140.vcxproj", "{1B29820D-375F-11DB-837B-00123FC423B5}"
	ProjectSection(ProjectDependencies) = postProject
		{240E83C3-368D-11DB-9FBC-00123FC423B5} = {240E83C3-368D-11DB-9FBC-00123FC423B5}
	EndProjectSection
EndProject
Project("{8BC9CEB8-8B4A-11D0-8D11-00A0C91BC942}") = "SQLite", "Data\SQLite\SQLite_vs140.vcxproj", "{5B889CE7-AD42-4CFE-BBC3-532B61F8329E}"
	ProjectSection(ProjectDependencies) = postProject
		{240E83C3-368D-11DB-9FBC-00123FC423B5} = {240E83C3-368D-11DB-9FBC-00123FC423B5}
	EndProjectSection
EndProject
Project("{8BC9CEB8-8B4A-11D0-8D11-00A0C91BC942}") = "PDF", "PDF\PDF_vs140.vcxproj", "{E12E5C71-79A4-495A-848F-F1710111E610}"
	ProjectSection(ProjectDependencies) = postProject
		{B01196CC-B693-4548-8464-2FF60499E73F} = {B01196CC-B693-4548-8464-2FF60499E73F}
	EndProjectSection
EndProject
Project("{8BC9CEB8-8B4A-11D0-8D11-00A0C91BC942}") = "Net", "Net\Net_vs140.vcxproj", "{B057A1FE-09F7-465E-B8B5-E1B659051D76}"
	ProjectSection(ProjectDependencies) = postProject
		{B01196CC-B693-4548-8464-2FF60499E73F} = {B01196CC-B693-4548-8464-2FF60499E73F}
	EndProjectSection
EndProject
Project("{8BC9CEB8-8B4A-11D0-8D11-00A0C91BC942}") = "JWT", "JWT\JWT_vs140.vcxproj", "{EFE871AE-A00F-4EB5-B816-FA316EAB9DA7}"
	ProjectSection(ProjectDependencies) = postProject
		{0E7FE914-0690-3EB4-9119-93A97CC97741} = {0E7FE914-0690-3EB4-9119-93A97CC97741}
		{EEEE7259-32E9-4D56-B023-C733940AB2A0} = {EEEE7259-32E9-4D56-B023-C733940AB2A0}
		{B01196CC-B693-4548-8464-2FF60499E73F} = {B01196CC-B693-4548-8464-2FF60499E73F}
	EndProjectSection
EndProject
Global
	GlobalSection(SolutionConfigurationPlatforms) = preSolution
		debug_shared|x86 = debug_shared|x86
		debug_static_md|x86 = debug_static_md|x86
		debug_static_mt|x86 = debug_static_mt|x86
		release_shared|x86 = release_shared|x86
		release_static_md|x86 = release_static_md|x86
		release_static_mt|x86 = release_static_mt|x86
	EndGlobalSection
	GlobalSection(ProjectConfigurationPlatforms) = postSolution
		{B01196CC-B693-4548-8464-2FF60499E73F}.debug_shared|x86.ActiveCfg = debug_shared|Win32
		{B01196CC-B693-4548-8464-2FF60499E73F}.debug_shared|x86.Build.0 = debug_shared|Win32
		{B01196CC-B693-4548-8464-2FF60499E73F}.debug_static_md|x86.ActiveCfg = debug_static_md|Win32
		{B01196CC-B693-4548-8464-2FF60499E73F}.debug_static_md|x86.Build.0 = debug_static_md|Win32
		{B01196CC-B693-4548-8464-2FF60499E73F}.debug_static_mt|x86.ActiveCfg = debug_static_mt|Win32
		{B01196CC-B693-4548-8464-2FF60499E73F}.debug_static_mt|x86.Build.0 = debug_static_mt|Win32
		{B01196CC-B693-4548-8464-2FF60499E73F}.release_shared|x86.ActiveCfg = release_shared|Win32
		{B01196CC-B693-4548-8464-2FF60499E73F}.release_shared|x86.Build.0 = release_shared|Win32
		{B01196CC-B693-4548-8464-2FF60499E73F}.release_static_md|x86.ActiveCfg = release_static_md|Win32
		{B01196CC-B693-4548-8464-2FF60499E73F}.release_static_md|x86.Build.0 = release_static_md|Win32
		{B01196CC-B693-4548-8464-2FF60499E73F}.release_static_mt|x86.ActiveCfg = release_static_mt|Win32
		{B01196CC-B693-4548-8464-2FF60499E73F}.release_static_mt|x86.Build.0 = release_static_mt|Win32
		{9E211743-85FE-4977-82F3-4F04B40C912D}.debug_shared|x86.ActiveCfg = debug_shared|Win32
		{9E211743-85FE-4977-82F3-4F04B40C912D}.debug_shared|x86.Build.0 = debug_shared|Win32
		{9E211743-85FE-4977-82F3-4F04B40C912D}.debug_static_md|x86.ActiveCfg = debug_static_md|Win32
		{9E211743-85FE-4977-82F3-4F04B40C912D}.debug_static_md|x86.Build.0 = debug_static_md|Win32
		{9E211743-85FE-4977-82F3-4F04B40C912D}.debug_static_mt|x86.ActiveCfg = debug_static_mt|Win32
		{9E211743-85FE-4977-82F3-4F04B40C912D}.debug_static_mt|x86.Build.0 = debug_static_mt|Win32
		{9E211743-85FE-4977-82F3-4F04B40C912D}.release_shared|x86.ActiveCfg = release_shared|Win32
		{9E211743-85FE-4977-82F3-4F04B40C912D}.release_shared|x86.Build.0 = release_shared|Win32
		{9E211743-85FE-4977-82F3-4F04B40C912D}.release_static_md|x86.ActiveCfg = release_static_md|Win32
		{9E211743-85FE-4977-82F3-4F04B40C912D}.release_static_md|x86.Build.0 = release_static_md|Win32
		{9E211743-85FE-4977-82F3-4F04B40C912D}.release_static_mt|x86.ActiveCfg = release_static_mt|Win32
		{9E211743-85FE-4977-82F3-4F04B40C912D}.release_static_mt|x86.Build.0 = release_static_mt|Win32
		{0E7FE914-0690-3EB4-9119-93A97CC97741}.debug_shared|x86.ActiveCfg = debug_shared|Win32
		{0E7FE914-0690-3EB4-9119-93A97CC97741}.debug_shared|x86.Build.0 = debug_shared|Win32
		{0E7FE914-0690-3EB4-9119-93A97CC97741}.debug_static_md|x86.ActiveCfg = debug_static_md|Win32
		{0E7FE914-0690-3EB4-9119-93A97CC97741}.debug_static_md|x86.Build.0 = debug_static_md|Win32
		{0E7FE914-0690-3EB4-9119-93A97CC97741}.debug_static_mt|x86.ActiveCfg = debug_static_mt|Win32
		{0E7FE914-0690-3EB4-9119-93A97CC97741}.debug_static_mt|x86.Build.0 = debug_static_mt|Win32
		{0E7FE914-0690-3EB4-9119-93A97CC97741}.release_shared|x86.ActiveCfg = release_shared|Win32
		{0E7FE914-0690-3EB4-9119-93A97CC97741}.release_shared|x86.Build.0 = release_shared|Win32
		{0E7FE914-0690-3EB4-9119-93A97CC97741}.release_static_md|x86.ActiveCfg = release_static_md|Win32
		{0E7FE914-0690-3EB4-9119-93A97CC97741}.release_static_md|x86.Build.0 = release_static_md|Win32
		{0E7FE914-0690-3EB4-9119-93A97CC97741}.release_static_mt|x86.ActiveCfg = release_static_mt|Win32
		{0E7FE914-0690-3EB4-9119-93A97CC97741}.release_static_mt|x86.Build.0 = release_static_mt|Win32
		{6FF56CDB-787A-4714-A28C-919003F9FA6C}.debug_shared|x86.ActiveCfg = debug_shared|Win32
		{6FF56CDB-787A-4714-A28C-919003F9FA6C}.debug_shared|x86.Build.0 = debug_shared|Win32
		{6FF56CDB-787A-4714-A28C-919003F9FA6C}.debug_static_md|x86.ActiveCfg = debug_static_md|Win32
		{6FF56CDB-787A-4714-A28C-919003F9FA6C}.debug_static_md|x86.Build.0 = debug_static_md|Win32
		{6FF56CDB-787A-4714-A28C-919003F9FA6C}.debug_static_mt|x86.ActiveCfg = debug_static_mt|Win32
		{6FF56CDB-787A-4714-A28C-919003F9FA6C}.debug_static_mt|x86.Build.0 = debug_static_mt|Win32
		{6FF56CDB-787A-4714-A28C-919003F9FA6C}.release_shared|x86.ActiveCfg = release_shared|Win32
		{6FF56CDB-787A-4714-A28C-919003F9FA6C}.release_shared|x86.Build.0 = release_shared|Win32
		{6FF56CDB-787A-4714-A28C-919003F9FA6C}.release_static_md|x86.ActiveCfg = release_static_md|Win32
		{6FF56CDB-787A-4714-A28C-919003F9FA6C}.release_static_md|x86.Build.0 = release_static_md|Win32
		{6FF56CDB-787A-4714-A28C-919003F9FA6C}.release_static_mt|x86.ActiveCfg = release_static_mt|Win32
		{6FF56CDB-787A-4714-A28C-919003F9FA6C}.release_static_mt|x86.Build.0 = release_static_mt|Win32
		{EEEE7259-32E9-4D56-B023-C733940AB2A0}.debug_shared|x86.ActiveCfg = debug_shared|Win32
		{EEEE7259-32E9-4D56-B023-C733940AB2A0}.debug_shared|x86.Build.0 = debug_shared|Win32
		{EEEE7259-32E9-4D56-B023-C733940AB2A0}.debug_static_md|x86.ActiveCfg = debug_static_md|Win32
		{EEEE7259-32E9-4D56-B023-C733940AB2A0}.debug_static_md|x86.Build.0 = debug_static_md|Win32
		{EEEE7259-32E9-4D56-B023-C733940AB2A0}.debug_static_mt|x86.ActiveCfg = debug_static_mt|Win32
		{EEEE7259-32E9-4D56-B023-C733940AB2A0}.debug_static_mt|x86.Build.0 = debug_static_mt|Win32
		{EEEE7259-32E9-4D56-B023-C733940AB2A0}.release_shared|x86.ActiveCfg = release_shared|Win32
		{EEEE7259-32E9-4D56-B023-C733940AB2A0}.release_shared|x86.Build.0 = release_shared|Win32
		{EEEE7259-32E9-4D56-B023-C733940AB2A0}.release_static_md|x86.ActiveCfg = release_static_md|Win32
		{EEEE7259-32E9-4D56-B023-C733940AB2A0}.release_static_md|x86.Build.0 = release_static_md|Win32
		{EEEE7259-32E9-4D56-B023-C733940AB2A0}.release_static_mt|x86.ActiveCfg = release_static_mt|Win32
		{EEEE7259-32E9-4D56-B023-C733940AB2A0}.release_static_mt|x86.Build.0 = release_static_mt|Win32
		{5AECC55E-A469-11DA-8DA6-005056C00008}.debug_shared|x86.ActiveCfg = debug_shared|Win32
		{5AECC55E-A469-11DA-8DA6-005056C00008}.debug_shared|x86.Build.0 = debug_shared|Win32
		{5AECC55E-A469-11DA-8DA6-005056C00008}.debug_static_md|x86.ActiveCfg = debug_static_md|Win32
		{5AECC55E-A469-11DA-8DA6-005056C00008}.debug_static_md|x86.Build.0 = debug_static_md|Win32
		{5AECC55E-A469-11DA-8DA6-005056C00008}.debug_static_mt|x86.ActiveCfg = debug_static_mt|Win32
		{5AECC55E-A469-11DA-8DA6-005056C00008}.debug_static_mt|x86.Build.0 = debug_static_mt|Win32
		{5AECC55E-A469-11DA-8DA6-005056C00008}.release_shared|x86.ActiveCfg = release_shared|Win32
		{5AECC55E-A469-11DA-8DA6-005056C00008}.release_shared|x86.Build.0 = release_shared|Win32
		{5AECC55E-A469-11DA-8DA6-005056C00008}.release_static_md|x86.ActiveCfg = release_static_md|Win32
		{5AECC55E-A469-11DA-8DA6-005056C00008}.release_static_md|x86.Build.0 = release_static_md|Win32
		{5AECC55E-A469-11DA-8DA6-005056C00008}.release_static_mt|x86.ActiveCfg = release_static_mt|Win32
		{5AECC55E-A469-11DA-8DA6-005056C00008}.release_static_mt|x86.Build.0 = release_static_mt|Win32
		{240E83C3-368D-11DB-9FBC-00123FC423B5}.debug_shared|x86.ActiveCfg = debug_shared|Win32
		{240E83C3-368D-11DB-9FBC-00123FC423B5}.debug_shared|x86.Build.0 = debug_shared|Win32
		{240E83C3-368D-11DB-9FBC-00123FC423B5}.debug_static_md|x86.ActiveCfg = debug_static_md|Win32
		{240E83C3-368D-11DB-9FBC-00123FC423B5}.debug_static_md|x86.Build.0 = debug_static_md|Win32
		{240E83C3-368D-11DB-9FBC-00123FC423B5}.debug_static_mt|x86.ActiveCfg = debug_static_mt|Win32
		{240E83C3-368D-11DB-9FBC-00123FC423B5}.debug_static_mt|x86.Build.0 = debug_static_mt|Win32
		{240E83C3-368D-11DB-9FBC-00123FC423B5}.release_shared|x86.ActiveCfg = release_shared|Win32
		{240E83C3-368D-11DB-9FBC-00123FC423B5}.release_shared|x86.Build.0 = release_shared|Win32
		{240E83C3-368D-11DB-9FBC-00123FC423B5}.release_static_md|x86.ActiveCfg = release_static_md|Win32
		{240E83C3-368D-11DB-9FBC-00123FC423B5}.release_static_md|x86.Build.0 = release_static_md|Win32
		{240E83C3-368D-11DB-9FBC-00123FC423B5}.release_static_mt|x86.ActiveCfg = release_static_mt|Win32
		{240E83C3-368D-11DB-9FBC-00123FC423B5}.release_static_mt|x86.Build.0 = release_static_mt|Win32
		{1B29820D-375F-11DB-837B-00123FC423B5}.debug_shared|x86.ActiveCfg = debug_shared|Win32
		{1B29820D-375F-11DB-837B-00123FC423B5}.debug_shared|x86.Build.0 = debug_shared|Win32
		{1B29820D-375F-11DB-837B-00123FC423B5}.debug_static_md|x86.ActiveCfg = debug_static_md|Win32
		{1B29820D-375F-11DB-837B-00123FC423B5}.debug_static_md|x86.Build.0 = debug_static_md|Win32
		{1B29820D-375F-11DB-837B-00123FC423B5}.debug_static_mt|x86.ActiveCfg = debug_static_mt|Win32
		{1B29820D-375F-11DB-837B-00123FC423B5}.debug_static_mt|x86.Build.0 = debug_static_mt|Win32
		{1B29820D-375F-11DB-837B-00123FC423B5}.release_shared|x86.ActiveCfg = release_shared|Win32
		{1B29820D-375F-11DB-837B-00123FC423B5}.release_shared|x86.Build.0 = release_shared|Win32
		{1B29820D-375F-11DB-837B-00123FC423B5}.release_static_md|x86.ActiveCfg = release_static_md|Win32
		{1B29820D-375F-11DB-837B-00123FC423B5}.release_static_md|x86.Build.0 = release_static_md|Win32
		{1B29820D-375F-11DB-837B-00123FC423B5}.release_static_mt|x86.ActiveCfg = release_static_mt|Win32
		{1B29820D-375F-11DB-837B-00123FC423B5}.release_static_mt|x86.Build.0 = release_static_mt|Win32
		{5B889CE7-AD42-4CFE-BBC3-532B61F8329E}.debug_shared|x86.ActiveCfg = debug_shared|Win32
		{5B889CE7-AD42-4CFE-BBC3-532B61F8329E}.debug_shared|x86.Build.0 = debug_shared|Win32
		{5B889CE7-AD42-4CFE-BBC3-532B61F8329E}.debug_static_md|x86.ActiveCfg = debug_static_md|Win32
		{5B889CE7-AD42-4CFE-BBC3-532B61F8329E}.debug_static_md|x86.Build.0 = debug_static_md|Win32
		{5B889CE7-AD42-4CFE-BBC3-532B61F8329E}.debug_static_mt|x86.ActiveCfg = debug_static_mt|Win32
		{5B889CE7-AD42-4CFE-BBC3-532B61F8329E}.debug_static_mt|x86.Build.0 = debug_static_mt|Win32
		{5B889CE7-AD42-4CFE-BBC3-532B61F8329E}.release_shared|x86.ActiveCfg = release_shared|Win32
		{5B889CE7-AD42-4CFE-BBC3-532B61F8329E}.release_shared|x86.Build.0 = release_shared|Win32
		{5B889CE7-AD42-4CFE-BBC3-532B61F8329E}.release_static_md|x86.ActiveCfg = release_static_md|Win32
		{5B889CE7-AD42-4CFE-BBC3-532B61F8329E}.release_static_md|x86.Build.0 = release_static_md|Win32
		{5B889CE7-AD42-4CFE-BBC3-532B61F8329E}.release_static_mt|x86.ActiveCfg = release_static_mt|Win32
		{5B889CE7-AD42-4CFE-BBC3-532B61F8329E}.release_static_mt|x86.Build.0 = release_static_mt|Win32
		{E12E5C71-79A4-495A-848F-F1710111E610}.debug_shared|x86.ActiveCfg = debug_shared|Win32
		{E12E5C71-79A4-495A-848F-F1710111E610}.debug_shared|x86.Build.0 = debug_shared|Win32
		{E12E5C71-79A4-495A-848F-F1710111E610}.debug_static_md|x86.ActiveCfg = debug_static_md|Win32
		{E12E5C71-79A4-495A-848F-F1710111E610}.debug_static_md|x86.Build.0 = debug_static_md|Win32
		{E12E5C71-79A4-495A-848F-F1710111E610}.debug_static_mt|x86.ActiveCfg = debug_static_mt|Win32
		{E12E5C71-79A4-495A-848F-F1710111E610}.debug_static_mt|x86.Build.0 = debug_static_mt|Win32
		{E12E5C71-79A4-495A-848F-F1710111E610}.release_shared|x86.ActiveCfg = release_shared|Win32
		{E12E5C71-79A4-495A-848F-F1710111E610}.release_shared|x86.Build.0 = release_shared|Win32
		{E12E5C71-79A4-495A-848F-F1710111E610}.release_static_md|x86.ActiveCfg = release_static_md|Win32
		{E12E5C71-79A4-495A-848F-F1710111E610}.release_static_md|x86.Build.0 = release_static_md|Win32
		{E12E5C71-79A4-495A-848F-F1710111E610}.release_static_mt|x86.ActiveCfg = release_static_mt|Win32
		{E12E5C71-79A4-495A-848F-F1710111E610}.release_static_mt|x86.Build.0 = release_static_mt|Win32
		{B057A1FE-09F7-465E-B8B5-E1B659051D76}.debug_shared|x86.ActiveCfg = debug_shared|Win32
		{B057A1FE-09F7-465E-B8B5-E1B659051D76}.debug_shared|x86.Build.0 = debug_shared|Win32
		{B057A1FE-09F7-465E-B8B5-E1B659051D76}.debug_static_md|x86.ActiveCfg = debug_static_md|Win32
		{B057A1FE-09F7-465E-B8B5-E1B659051D76}.debug_static_md|x86.Build.0 = debug_static_md|Win32
		{B057A1FE-09F7-465E-B8B5-E1B659051D76}.debug_static_mt|x86.ActiveCfg = debug_static_mt|Win32
		{B057A1FE-09F7-465E-B8B5-E1B659051D76}.debug_static_mt|x86.Build.0 = debug_static_mt|Win32
		{B057A1FE-09F7-465E-B8B5-E1B659051D76}.release_shared|x86.ActiveCfg = release_shared|Win32
		{B057A1FE-09F7-465E-B8B5-E1B659051D76}.release_shared|x86.Build.0 = release_shared|Win32
		{B057A1FE-09F7-465E-B8B5-E1B659051D76}.release_static_md|x86.ActiveCfg = release_static_md|Win32
		{B057A1FE-09F7-465E-B8B5-E1B659051D76}.release_static_md|x86.Build.0 = release_static_md|Win32
		{B057A1FE-09F7-465E-B8B5-E1B659051D76}.release_static_mt|x86.ActiveCfg = release_static_mt|Win32
		{B057A1FE-09F7-465E-B8B5-E1B659051D76}.release_static_mt|x86.Build.0 = release_static_mt|Win32
		{EFE871AE-A00F-4EB5-B816-FA316EAB9DA7}.debug_shared|x86.ActiveCfg = debug_shared|Win32
		{EFE871AE-A00F-4EB5-B816-FA316EAB9DA7}.debug_shared|x86.Build.0 = debug_shared|Win32
		{EFE871AE-A00F-4EB5-B816-FA316EAB9DA7}.debug_static_md|x86.ActiveCfg = debug_static_md|Win32
		{EFE871AE-A00F-4EB5-B816-FA316EAB9DA7}.debug_static_md|x86.Build.0 = debug_static_md|Win32
		{EFE871AE-A00F-4EB5-B816-FA316EAB9DA7}.debug_static_mt|x86.ActiveCfg = debug_static_mt|Win32
		{EFE871AE-A00F-4EB5-B816-FA316EAB9DA7}.debug_static_mt|x86.Build.0 = debug_static_mt|Win32
		{EFE871AE-A00F-4EB5-B816-FA316EAB9DA7}.release_shared|x86.ActiveCfg = release_shared|Win32
		{EFE871AE-A00F-4EB5-B816-FA316EAB9DA7}.release_shared|x86.Build.0 = release_shared|Win32
		{EFE871AE-A00F-4EB5-B816-FA316EAB9DA7}.release_static_md|x86.ActiveCfg = release_static_md|Win32
		{EFE871AE-A00F-4EB5-B816-FA316EAB9DA7}.release_static_md|x86.Build.0 = release_static_md|Win32
		{EFE871AE-A00F-4EB5-B816-FA316EAB9DA7}.release_static_mt|x86.ActiveCfg = release_static_mt|Win32
		{EFE871AE-A00F-4EB5-B816-FA316EAB9DA7}.release_static_mt|x86.Build.0 = release_static_mt|Win32
	EndGlobalSection
	GlobalSection(SolutionProperties) = preSolution
		HideSolutionNode = FALSE
	EndGlobalSection
EndGlobal
