<?xml version="1.0" encoding="utf-8"?>
<Project ToolsVersion="4.0" xmlns="http://schemas.microsoft.com/developer/msbuild/2003">
  <ItemGroup>
    <Filter Include="Source Files">
      <UniqueIdentifier>{c4afe4a3-d260-41fa-b619-4948c281d7fc}</UniqueIdentifier>
    </Filter>
    <Filter Include="Header Files">
      <UniqueIdentifier>{0224b483-8fd9-4de0-b92a-71cce4d303ba}</UniqueIdentifier>
    </Filter>
  </ItemGroup>
  <ItemGroup>
    <ClCompile Include="src\ECDSASignature.cpp">
      <Filter>Source Files</Filter>
    </ClCompile>
    <ClCompile Include="src\JWTException.cpp">
      <Filter>Source Files</Filter>
    </ClCompile>
    <ClCompile Include="src\Serializer.cpp">
      <Filter>Source Files</Filter>
    </ClCompile>
    <ClCompile Include="src\Signer.cpp">
      <Filter>Source Files</Filter>
    </ClCompile>
    <ClCompile Include="src\Token.cpp">
      <Filter>Source Files</Filter>
    </ClCompile>
  </ItemGroup>
  <ItemGroup>
    <ClInclude Include="include\Poco\JWT\ECDSASignature.h">
      <Filter>Header Files</Filter>
    </ClInclude>
    <ClInclude Include="include\Poco\JWT\JWT.h">
      <Filter>Header Files</Filter>
    </ClInclude>
    <ClInclude Include="include\Poco\JWT\JWTException.h">
      <Filter>Header Files</Filter>
    </ClInclude>
    <ClInclude Include="include\Poco\JWT\Serializer.h">
      <Filter>Header Files</Filter>
    </ClInclude>
    <ClInclude Include="include\Poco\JWT\Signer.h">
      <Filter>Header Files</Filter>
    </ClInclude>
    <ClInclude Include="include\Poco\JWT\Token.h">
      <Filter>Header Files</Filter>
    </ClInclude>
  </ItemGroup>
  <ItemGroup>
    <ResourceCompile Include="..\DLLVersion.rc" />
  </ItemGroup>
</Project>