<?xml version="1.0" encoding="utf-8"?>
<Project ToolsVersion="4.0" xmlns="http://schemas.microsoft.com/developer/msbuild/2003">
  <ItemGroup>
    <Filter Include="Source Files">
      <UniqueIdentifier>{0c652f9d-a7fb-4c2c-a952-696b0edf2439}</UniqueIdentifier>
    </Filter>
    <Filter Include="Header Files">
      <UniqueIdentifier>{e3374296-2cfc-45c4-bf2e-b07321178413}</UniqueIdentifier>
    </Filter>
  </ItemGroup>
  <ItemGroup>
    <ClCompile Include="src\ECDSASignature.cpp">
      <Filter>Source Files</Filter>
    </ClCompile>
    <ClCompile Include="src\JWTException.cpp">
      <Filter>Source Files</Filter>
    </ClCompile>
    <ClCompile Include="src\Serializer.cpp">
      <Filter>Source Files</Filter>
    </ClCompile>
    <ClCompile Include="src\Signer.cpp">
      <Filter>Source Files</Filter>
    </ClCompile>
    <ClCompile Include="src\Token.cpp">
      <Filter>Source Files</Filter>
    </ClCompile>
  </ItemGroup>
  <ItemGroup>
    <ClInclude Include="include\Poco\JWT\ECDSASignature.h">
      <Filter>Header Files</Filter>
    </ClInclude>
    <ClInclude Include="include\Poco\JWT\JWT.h">
      <Filter>Header Files</Filter>
    </ClInclude>
    <ClInclude Include="include\Poco\JWT\JWTException.h">
      <Filter>Header Files</Filter>
    </ClInclude>
    <ClInclude Include="include\Poco\JWT\Serializer.h">
      <Filter>Header Files</Filter>
    </ClInclude>
    <ClInclude Include="include\Poco\JWT\Signer.h">
      <Filter>Header Files</Filter>
    </ClInclude>
    <ClInclude Include="include\Poco\JWT\Token.h">
      <Filter>Header Files</Filter>
    </ClInclude>
  </ItemGroup>
  <ItemGroup>
    <ResourceCompile Include="..\DLLVersion.rc" />
  </ItemGroup>
</Project>